// !$*UTF8*$!
{
	archiveVersion = 1;
	classes = {
	};
	objectVersion = 51;
	objects = {

/* Begin PBXBuildFile section */
		1D0EB13B23C9D3CE0008E5E0 /* AppDelegate.swift in Sources */ = {isa = PBXBuildFile; fileRef = 1D0EB13A23C9D3CE0008E5E0 /* AppDelegate.swift */; };
		1D0EB13D23C9D3CE0008E5E0 /* SceneDelegate.swift in Sources */ = {isa = PBXBuildFile; fileRef = 1D0EB13C23C9D3CE0008E5E0 /* SceneDelegate.swift */; };
		1D0EB14223C9D3CE0008E5E0 /* Main.storyboard in Resources */ = {isa = PBXBuildFile; fileRef = 1D0EB14023C9D3CE0008E5E0 /* Main.storyboard */; };
		1D0EB14423C9D3D20008E5E0 /* Assets.xcassets in Resources */ = {isa = PBXBuildFile; fileRef = 1D0EB14323C9D3D20008E5E0 /* Assets.xcassets */; };
		1D0EB14723C9D3D20008E5E0 /* LaunchScreen.storyboard in Resources */ = {isa = PBXBuildFile; fileRef = 1D0EB14523C9D3D20008E5E0 /* LaunchScreen.storyboard */; };
		1D0EB15923C9D9270008E5E0 /* LoginViewController.swift in Sources */ = {isa = PBXBuildFile; fileRef = 1D0EB15723C9D9270008E5E0 /* LoginViewController.swift */; };
		1D0EB15C23C9DCA30008E5E0 /* AddViewController.swift in Sources */ = {isa = PBXBuildFile; fileRef = 1D0EB15B23C9DCA30008E5E0 /* AddViewController.swift */; };
		1D0EB15E23C9DD940008E5E0 /* TabBarController.swift in Sources */ = {isa = PBXBuildFile; fileRef = 1D0EB15D23C9DD940008E5E0 /* TabBarController.swift */; };
		1D0EB16023C9DDB30008E5E0 /* HomeViewController.swift in Sources */ = {isa = PBXBuildFile; fileRef = 1D0EB15F23C9DDB30008E5E0 /* HomeViewController.swift */; };
		1D0EB16223C9DEFB0008E5E0 /* ProfileViewController.swift in Sources */ = {isa = PBXBuildFile; fileRef = 1D0EB16123C9DEFB0008E5E0 /* ProfileViewController.swift */; };
		1D0EB16423CA08240008E5E0 /* GoogleService-Info.plist in Resources */ = {isa = PBXBuildFile; fileRef = 1D0EB16323CA08240008E5E0 /* GoogleService-Info.plist */; };
		1D0EB16623CA3C260008E5E0 /* Authentication.swift in Sources */ = {isa = PBXBuildFile; fileRef = 1D0EB16523CA3C260008E5E0 /* Authentication.swift */; };
		1D5C40F223DC827800025BF3 /* UserUploadCell.swift in Sources */ = {isa = PBXBuildFile; fileRef = 1D5C40F023DC827800025BF3 /* UserUploadCell.swift */; };
		1D5C40F323DC827800025BF3 /* UserUploadCell.xib in Resources */ = {isa = PBXBuildFile; fileRef = 1D5C40F123DC827800025BF3 /* UserUploadCell.xib */; };
		9A8870FE65DEA798B12DE832 /* Pods_Fasher.framework in Frameworks */ = {isa = PBXBuildFile; fileRef = 85FEBC3E3033F342416A25D4 /* Pods_Fasher.framework */; };
/* End PBXBuildFile section */

/* Begin PBXFileReference section */
		1D0EB13723C9D3CE0008E5E0 /* Fasher.app */ = {isa = PBXFileReference; explicitFileType = wrapper.application; includeInIndex = 0; path = Fasher.app; sourceTree = BUILT_PRODUCTS_DIR; };
		1D0EB13A23C9D3CE0008E5E0 /* AppDelegate.swift */ = {isa = PBXFileReference; lastKnownFileType = sourcecode.swift; path = AppDelegate.swift; sourceTree = "<group>"; };
		1D0EB13C23C9D3CE0008E5E0 /* SceneDelegate.swift */ = {isa = PBXFileReference; lastKnownFileType = sourcecode.swift; path = SceneDelegate.swift; sourceTree = "<group>"; };
		1D0EB14123C9D3CE0008E5E0 /* Base */ = {isa = PBXFileReference; lastKnownFileType = file.storyboard; name = Base; path = Base.lproj/Main.storyboard; sourceTree = "<group>"; };
		1D0EB14323C9D3D20008E5E0 /* Assets.xcassets */ = {isa = PBXFileReference; lastKnownFileType = folder.assetcatalog; path = Assets.xcassets; sourceTree = "<group>"; };
		1D0EB14623C9D3D20008E5E0 /* Base */ = {isa = PBXFileReference; lastKnownFileType = file.storyboard; name = Base; path = Base.lproj/LaunchScreen.storyboard; sourceTree = "<group>"; };
		1D0EB14823C9D3D20008E5E0 /* Info.plist */ = {isa = PBXFileReference; lastKnownFileType = text.plist.xml; path = Info.plist; sourceTree = "<group>"; };
		1D0EB15723C9D9270008E5E0 /* LoginViewController.swift */ = {isa = PBXFileReference; lastKnownFileType = sourcecode.swift; path = LoginViewController.swift; sourceTree = "<group>"; };
		1D0EB15B23C9DCA30008E5E0 /* AddViewController.swift */ = {isa = PBXFileReference; lastKnownFileType = sourcecode.swift; path = AddViewController.swift; sourceTree = "<group>"; };
		1D0EB15D23C9DD940008E5E0 /* TabBarController.swift */ = {isa = PBXFileReference; lastKnownFileType = sourcecode.swift; path = TabBarController.swift; sourceTree = "<group>"; };
		1D0EB15F23C9DDB30008E5E0 /* HomeViewController.swift */ = {isa = PBXFileReference; lastKnownFileType = sourcecode.swift; path = HomeViewController.swift; sourceTree = "<group>"; };
		1D0EB16123C9DEFB0008E5E0 /* ProfileViewController.swift */ = {isa = PBXFileReference; lastKnownFileType = sourcecode.swift; path = ProfileViewController.swift; sourceTree = "<group>"; };
		1D0EB16323CA08240008E5E0 /* GoogleService-Info.plist */ = {isa = PBXFileReference; fileEncoding = 4; lastKnownFileType = text.plist.xml; path = "GoogleService-Info.plist"; sourceTree = "<group>"; };
		1D0EB16523CA3C260008E5E0 /* Authentication.swift */ = {isa = PBXFileReference; lastKnownFileType = sourcecode.swift; path = Authentication.swift; sourceTree = "<group>"; };
		1D5C40F023DC827800025BF3 /* UserUploadCell.swift */ = {isa = PBXFileReference; lastKnownFileType = sourcecode.swift; path = UserUploadCell.swift; sourceTree = "<group>"; };
		1D5C40F123DC827800025BF3 /* UserUploadCell.xib */ = {isa = PBXFileReference; lastKnownFileType = file.xib; path = UserUploadCell.xib; sourceTree = "<group>"; };
		85FEBC3E3033F342416A25D4 /* Pods_Fasher.framework */ = {isa = PBXFileReference; explicitFileType = wrapper.framework; includeInIndex = 0; path = Pods_Fasher.framework; sourceTree = BUILT_PRODUCTS_DIR; };
		8FFD10620579C82F896DF278 /* Pods-Fasher.release.xcconfig */ = {isa = PBXFileReference; includeInIndex = 1; lastKnownFileType = text.xcconfig; name = "Pods-Fasher.release.xcconfig"; path = "Target Support Files/Pods-Fasher/Pods-Fasher.release.xcconfig"; sourceTree = "<group>"; };
		D38A67961436E5A700CC2935 /* Pods-Fasher.debug.xcconfig */ = {isa = PBXFileReference; includeInIndex = 1; lastKnownFileType = text.xcconfig; name = "Pods-Fasher.debug.xcconfig"; path = "Target Support Files/Pods-Fasher/Pods-Fasher.debug.xcconfig"; sourceTree = "<group>"; };
/* End PBXFileReference section */

/* Begin PBXFrameworksBuildPhase section */
		1D0EB13423C9D3CE0008E5E0 /* Frameworks */ = {
			isa = PBXFrameworksBuildPhase;
			buildActionMask = 2147483647;
			files = (
				9A8870FE65DEA798B12DE832 /* Pods_Fasher.framework in Frameworks */,
			);
			runOnlyForDeploymentPostprocessing = 0;
		};
/* End PBXFrameworksBuildPhase section */

/* Begin PBXGroup section */
		1D0EB12E23C9D3CE0008E5E0 = {
			isa = PBXGroup;
			children = (
				1D0EB13923C9D3CE0008E5E0 /* Fasher */,
				1D0EB13823C9D3CE0008E5E0 /* Products */,
				985A98B78B21CF2D1764DEF6 /* Pods */,
				575EE43BC8ADA676232770AE /* Frameworks */,
			);
			sourceTree = "<group>";
		};
		1D0EB13823C9D3CE0008E5E0 /* Products */ = {
			isa = PBXGroup;
			children = (
				1D0EB13723C9D3CE0008E5E0 /* Fasher.app */,
			);
			name = Products;
			sourceTree = "<group>";
		};
		1D0EB13923C9D3CE0008E5E0 /* Fasher */ = {
			isa = PBXGroup;
			children = (
				1D0EB15423C9D6140008E5E0 /* Services */,
				1D0EB15323C9D6020008E5E0 /* Resources */,
				1D0EB15223C9D5E80008E5E0 /* Components */,
				1D0EB15123C9D5C70008E5E0 /* Controller */,
				1D0EB15023C9D5C20008E5E0 /* View */,
				1D0EB14F23C9D5BD0008E5E0 /* Model */,
				1D0EB14E23C9D5A40008E5E0 /* Storyboards */,
				1D0EB13A23C9D3CE0008E5E0 /* AppDelegate.swift */,
				1D0EB13C23C9D3CE0008E5E0 /* SceneDelegate.swift */,
				1D0EB14523C9D3D20008E5E0 /* LaunchScreen.storyboard */,
				1D0EB16323CA08240008E5E0 /* GoogleService-Info.plist */,
				1D0EB14823C9D3D20008E5E0 /* Info.plist */,
			);
			path = Fasher;
			sourceTree = "<group>";
		};
		1D0EB14E23C9D5A40008E5E0 /* Storyboards */ = {
			isa = PBXGroup;
			children = (
				1D0EB14023C9D3CE0008E5E0 /* Main.storyboard */,
				1D5C40F123DC827800025BF3 /* UserUploadCell.xib */,
			);
			path = Storyboards;
			sourceTree = "<group>";
		};
		1D0EB14F23C9D5BD0008E5E0 /* Model */ = {
			isa = PBXGroup;
			children = (
			);
			path = Model;
			sourceTree = "<group>";
		};
		1D0EB15023C9D5C20008E5E0 /* View */ = {
			isa = PBXGroup;
			children = (
			);
			path = View;
			sourceTree = "<group>";
		};
		1D0EB15123C9D5C70008E5E0 /* Controller */ = {
			isa = PBXGroup;
			children = (
				1D0EB15723C9D9270008E5E0 /* LoginViewController.swift */,
				1D0EB15B23C9DCA30008E5E0 /* AddViewController.swift */,
				1D0EB15D23C9DD940008E5E0 /* TabBarController.swift */,
				1D0EB15F23C9DDB30008E5E0 /* HomeViewController.swift */,
				1D0EB16123C9DEFB0008E5E0 /* ProfileViewController.swift */,
				1D5C40F023DC827800025BF3 /* UserUploadCell.swift */,
			);
			path = Controller;
			sourceTree = "<group>";
		};
		1D0EB15223C9D5E80008E5E0 /* Components */ = {
			isa = PBXGroup;
			children = (
			);
			path = Components;
			sourceTree = "<group>";
		};
		1D0EB15323C9D6020008E5E0 /* Resources */ = {
			isa = PBXGroup;
			children = (
				1D0EB14323C9D3D20008E5E0 /* Assets.xcassets */,
			);
			path = Resources;
			sourceTree = "<group>";
		};
		1D0EB15423C9D6140008E5E0 /* Services */ = {
			isa = PBXGroup;
			children = (
				1D0EB16523CA3C260008E5E0 /* Authentication.swift */,
			);
			path = Services;
			sourceTree = "<group>";
		};
		575EE43BC8ADA676232770AE /* Frameworks */ = {
			isa = PBXGroup;
			children = (
				85FEBC3E3033F342416A25D4 /* Pods_Fasher.framework */,
			);
			name = Frameworks;
			sourceTree = "<group>";
		};
		985A98B78B21CF2D1764DEF6 /* Pods */ = {
			isa = PBXGroup;
			children = (
				D38A67961436E5A700CC2935 /* Pods-Fasher.debug.xcconfig */,
				8FFD10620579C82F896DF278 /* Pods-Fasher.release.xcconfig */,
			);
			path = Pods;
			sourceTree = "<group>";
		};
/* End PBXGroup section */

/* Begin PBXNativeTarget section */
		1D0EB13623C9D3CE0008E5E0 /* Fasher */ = {
			isa = PBXNativeTarget;
			buildConfigurationList = 1D0EB14B23C9D3D20008E5E0 /* Build configuration list for PBXNativeTarget "Fasher" */;
			buildPhases = (
				2939FC6354438CB4A4F4E6FC /* [CP] Check Pods Manifest.lock */,
				1D0EB13323C9D3CE0008E5E0 /* Sources */,
				1D0EB13423C9D3CE0008E5E0 /* Frameworks */,
				1D0EB13523C9D3CE0008E5E0 /* Resources */,
				167DB364C17ED421976B684F /* [CP] Embed Pods Frameworks */,
			);
			buildRules = (
			);
			dependencies = (
			);
			name = Fasher;
			productName = Fasher;
			productReference = 1D0EB13723C9D3CE0008E5E0 /* Fasher.app */;
			productType = "com.apple.product-type.application";
		};
/* End PBXNativeTarget section */

/* Begin PBXProject section */
		1D0EB12F23C9D3CE0008E5E0 /* Project object */ = {
			isa = PBXProject;
			attributes = {
				LastSwiftUpdateCheck = 1130;
				LastUpgradeCheck = 1130;
				ORGANIZATIONNAME = "Hüseyin İyibaş";
				TargetAttributes = {
					1D0EB13623C9D3CE0008E5E0 = {
						CreatedOnToolsVersion = 11.3;
					};
				};
			};
			buildConfigurationList = 1D0EB13223C9D3CE0008E5E0 /* Build configuration list for PBXProject "Fasher" */;
			compatibilityVersion = "Xcode 9.3";
			developmentRegion = en;
			hasScannedForEncodings = 0;
			knownRegions = (
				en,
				Base,
			);
			mainGroup = 1D0EB12E23C9D3CE0008E5E0;
			productRefGroup = 1D0EB13823C9D3CE0008E5E0 /* Products */;
			projectDirPath = "";
			projectRoot = "";
			targets = (
				1D0EB13623C9D3CE0008E5E0 /* Fasher */,
			);
		};
/* End PBXProject section */

/* Begin PBXResourcesBuildPhase section */
		1D0EB13523C9D3CE0008E5E0 /* Resources */ = {
			isa = PBXResourcesBuildPhase;
			buildActionMask = 2147483647;
			files = (
				1D5C40F323DC827800025BF3 /* UserUploadCell.xib in Resources */,
				1D0EB14723C9D3D20008E5E0 /* LaunchScreen.storyboard in Resources */,
				1D0EB16423CA08240008E5E0 /* GoogleService-Info.plist in Resources */,
				1D0EB14423C9D3D20008E5E0 /* Assets.xcassets in Resources */,
				1D0EB14223C9D3CE0008E5E0 /* Main.storyboard in Resources */,
			);
			runOnlyForDeploymentPostprocessing = 0;
		};
/* End PBXResourcesBuildPhase section */

/* Begin PBXShellScriptBuildPhase section */
		167DB364C17ED421976B684F /* [CP] Embed Pods Frameworks */ = {
			isa = PBXShellScriptBuildPhase;
			buildActionMask = 2147483647;
			files = (
			);
			inputFileListPaths = (
				"${PODS_ROOT}/Target Support Files/Pods-Fasher/Pods-Fasher-frameworks-${CONFIGURATION}-input-files.xcfilelist",
			);
			name = "[CP] Embed Pods Frameworks";
			outputFileListPaths = (
				"${PODS_ROOT}/Target Support Files/Pods-Fasher/Pods-Fasher-frameworks-${CONFIGURATION}-output-files.xcfilelist",
			);
			runOnlyForDeploymentPostprocessing = 0;
			shellPath = /bin/sh;
			shellScript = "\"${PODS_ROOT}/Target Support Files/Pods-Fasher/Pods-Fasher-frameworks.sh\"\n";
			showEnvVarsInLog = 0;
		};
		2939FC6354438CB4A4F4E6FC /* [CP] Check Pods Manifest.lock */ = {
			isa = PBXShellScriptBuildPhase;
			buildActionMask = 2147483647;
			files = (
			);
			inputFileListPaths = (
			);
			inputPaths = (
				"${PODS_PODFILE_DIR_PATH}/Podfile.lock",
				"${PODS_ROOT}/Manifest.lock",
			);
			name = "[CP] Check Pods Manifest.lock";
			outputFileListPaths = (
			);
			outputPaths = (
				"$(DERIVED_FILE_DIR)/Pods-Fasher-checkManifestLockResult.txt",
			);
			runOnlyForDeploymentPostprocessing = 0;
			shellPath = /bin/sh;
			shellScript = "diff \"${PODS_PODFILE_DIR_PATH}/Podfile.lock\" \"${PODS_ROOT}/Manifest.lock\" > /dev/null\nif [ $? != 0 ] ; then\n    # print error to STDERR\n    echo \"error: The sandbox is not in sync with the Podfile.lock. Run 'pod install' or update your CocoaPods installation.\" >&2\n    exit 1\nfi\n# This output is used by Xcode 'outputs' to avoid re-running this script phase.\necho \"SUCCESS\" > \"${SCRIPT_OUTPUT_FILE_0}\"\n";
			showEnvVarsInLog = 0;
		};
/* End PBXShellScriptBuildPhase section */

/* Begin PBXSourcesBuildPhase section */
		1D0EB13323C9D3CE0008E5E0 /* Sources */ = {
			isa = PBXSourcesBuildPhase;
			buildActionMask = 2147483647;
			files = (
				1D0EB15C23C9DCA30008E5E0 /* AddViewController.swift in Sources */,
				1D0EB15923C9D9270008E5E0 /* LoginViewController.swift in Sources */,
				1D5C40F223DC827800025BF3 /* UserUploadCell.swift in Sources */,
				1D0EB13B23C9D3CE0008E5E0 /* AppDelegate.swift in Sources */,
				1D0EB15E23C9DD940008E5E0 /* TabBarController.swift in Sources */,
				1D0EB16223C9DEFB0008E5E0 /* ProfileViewController.swift in Sources */,
				1D0EB13D23C9D3CE0008E5E0 /* SceneDelegate.swift in Sources */,
				1D0EB16023C9DDB30008E5E0 /* HomeViewController.swift in Sources */,
				1D0EB16623CA3C260008E5E0 /* Authentication.swift in Sources */,
			);
			runOnlyForDeploymentPostprocessing = 0;
		};
/* End PBXSourcesBuildPhase section */

/* Begin PBXVariantGroup section */
		1D0EB14023C9D3CE0008E5E0 /* Main.storyboard */ = {
			isa = PBXVariantGroup;
			children = (
				1D0EB14123C9D3CE0008E5E0 /* Base */,
			);
			name = Main.storyboard;
			sourceTree = "<group>";
		};
		1D0EB14523C9D3D20008E5E0 /* LaunchScreen.storyboard */ = {
			isa = PBXVariantGroup;
			children = (
				1D0EB14623C9D3D20008E5E0 /* Base */,
			);
			name = LaunchScreen.storyboard;
			sourceTree = "<group>";
		};
/* End PBXVariantGroup section */

/* Begin XCBuildConfiguration section */
		1D0EB14923C9D3D20008E5E0 /* Debug */ = {
			isa = XCBuildConfiguration;
			buildSettings = {
				ALWAYS_SEARCH_USER_PATHS = NO;
				CLANG_ANALYZER_NONNULL = YES;
				CLANG_ANALYZER_NUMBER_OBJECT_CONVERSION = YES_AGGRESSIVE;
				CLANG_CXX_LANGUAGE_STANDARD = "gnu++14";
				CLANG_CXX_LIBRARY = "libc++";
				CLANG_ENABLE_MODULES = YES;
				CLANG_ENABLE_OBJC_ARC = YES;
				CLANG_ENABLE_OBJC_WEAK = YES;
				CLANG_WARN_BLOCK_CAPTURE_AUTORELEASING = YES;
				CLANG_WARN_BOOL_CONVERSION = YES;
				CLANG_WARN_COMMA = YES;
				CLANG_WARN_CONSTANT_CONVERSION = YES;
				CLANG_WARN_DEPRECATED_OBJC_IMPLEMENTATIONS = YES;
				CLANG_WARN_DIRECT_OBJC_ISA_USAGE = YES_ERROR;
				CLANG_WARN_DOCUMENTATION_COMMENTS = YES;
				CLANG_WARN_EMPTY_BODY = YES;
				CLANG_WARN_ENUM_CONVERSION = YES;
				CLANG_WARN_INFINITE_RECURSION = YES;
				CLANG_WARN_INT_CONVERSION = YES;
				CLANG_WARN_NON_LITERAL_NULL_CONVERSION = YES;
				CLANG_WARN_OBJC_IMPLICIT_RETAIN_SELF = YES;
				CLANG_WARN_OBJC_LITERAL_CONVERSION = YES;
				CLANG_WARN_OBJC_ROOT_CLASS = YES_ERROR;
				CLANG_WARN_RANGE_LOOP_ANALYSIS = YES;
				CLANG_WARN_STRICT_PROTOTYPES = YES;
				CLANG_WARN_SUSPICIOUS_MOVE = YES;
				CLANG_WARN_UNGUARDED_AVAILABILITY = YES_AGGRESSIVE;
				CLANG_WARN_UNREACHABLE_CODE = YES;
				CLANG_WARN__DUPLICATE_METHOD_MATCH = YES;
				COPY_PHASE_STRIP = NO;
				DEBUG_INFORMATION_FORMAT = dwarf;
				ENABLE_STRICT_OBJC_MSGSEND = YES;
				ENABLE_TESTABILITY = YES;
				GCC_C_LANGUAGE_STANDARD = gnu11;
				GCC_DYNAMIC_NO_PIC = NO;
				GCC_NO_COMMON_BLOCKS = YES;
				GCC_OPTIMIZATION_LEVEL = 0;
				GCC_PREPROCESSOR_DEFINITIONS = (
					"DEBUG=1",
					"$(inherited)",
				);
				GCC_WARN_64_TO_32_BIT_CONVERSION = YES;
				GCC_WARN_ABOUT_RETURN_TYPE = YES_ERROR;
				GCC_WARN_UNDECLARED_SELECTOR = YES;
				GCC_WARN_UNINITIALIZED_AUTOS = YES_AGGRESSIVE;
				GCC_WARN_UNUSED_FUNCTION = YES;
				GCC_WARN_UNUSED_VARIABLE = YES;
				IPHONEOS_DEPLOYMENT_TARGET = 13.2;
				MTL_ENABLE_DEBUG_INFO = INCLUDE_SOURCE;
				MTL_FAST_MATH = YES;
				ONLY_ACTIVE_ARCH = YES;
				SDKROOT = iphoneos;
				SWIFT_ACTIVE_COMPILATION_CONDITIONS = DEBUG;
				SWIFT_OPTIMIZATION_LEVEL = "-Onone";
			};
			name = Debug;
		};
		1D0EB14A23C9D3D20008E5E0 /* Release */ = {
			isa = XCBuildConfiguration;
			buildSettings = {
				ALWAYS_SEARCH_USER_PATHS = NO;
				CLANG_ANALYZER_NONNULL = YES;
				CLANG_ANALYZER_NUMBER_OBJECT_CONVERSION = YES_AGGRESSIVE;
				CLANG_CXX_LANGUAGE_STANDARD = "gnu++14";
				CLANG_CXX_LIBRARY = "libc++";
				CLANG_ENABLE_MODULES = YES;
				CLANG_ENABLE_OBJC_ARC = YES;
				CLANG_ENABLE_OBJC_WEAK = YES;
				CLANG_WARN_BLOCK_CAPTURE_AUTORELEASING = YES;
				CLANG_WARN_BOOL_CONVERSION = YES;
				CLANG_WARN_COMMA = YES;
				CLANG_WARN_CONSTANT_CONVERSION = YES;
				CLANG_WARN_DEPRECATED_OBJC_IMPLEMENTATIONS = YES;
				CLANG_WARN_DIRECT_OBJC_ISA_USAGE = YES_ERROR;
				CLANG_WARN_DOCUMENTATION_COMMENTS = YES;
				CLANG_WARN_EMPTY_BODY = YES;
				CLANG_WARN_ENUM_CONVERSION = YES;
				CLANG_WARN_INFINITE_RECURSION = YES;
				CLANG_WARN_INT_CONVERSION = YES;
				CLANG_WARN_NON_LITERAL_NULL_CONVERSION = YES;
				CLANG_WARN_OBJC_IMPLICIT_RETAIN_SELF = YES;
				CLANG_WARN_OBJC_LITERAL_CONVERSION = YES;
				CLANG_WARN_OBJC_ROOT_CLASS = YES_ERROR;
				CLANG_WARN_RANGE_LOOP_ANALYSIS = YES;
				CLANG_WARN_STRICT_PROTOTYPES = YES;
				CLANG_WARN_SUSPICIOUS_MOVE = YES;
				CLANG_WARN_UNGUARDED_AVAILABILITY = YES_AGGRESSIVE;
				CLANG_WARN_UNREACHABLE_CODE = YES;
				CLANG_WARN__DUPLICATE_METHOD_MATCH = YES;
				COPY_PHASE_STRIP = NO;
				DEBUG_INFORMATION_FORMAT = "dwarf-with-dsym";
				ENABLE_NS_ASSERTIONS = NO;
				ENABLE_STRICT_OBJC_MSGSEND = YES;
				GCC_C_LANGUAGE_STANDARD = gnu11;
				GCC_NO_COMMON_BLOCKS = YES;
				GCC_WARN_64_TO_32_BIT_CONVERSION = YES;
				GCC_WARN_ABOUT_RETURN_TYPE = YES_ERROR;
				GCC_WARN_UNDECLARED_SELECTOR = YES;
				GCC_WARN_UNINITIALIZED_AUTOS = YES_AGGRESSIVE;
				GCC_WARN_UNUSED_FUNCTION = YES;
				GCC_WARN_UNUSED_VARIABLE = YES;
				IPHONEOS_DEPLOYMENT_TARGET = 13.2;
				MTL_ENABLE_DEBUG_INFO = NO;
				MTL_FAST_MATH = YES;
				SDKROOT = iphoneos;
				SWIFT_COMPILATION_MODE = wholemodule;
				SWIFT_OPTIMIZATION_LEVEL = "-O";
				VALIDATE_PRODUCT = YES;
			};
			name = Release;
		};
		1D0EB14C23C9D3D20008E5E0 /* Debug */ = {
			isa = XCBuildConfiguration;
			baseConfigurationReference = D38A67961436E5A700CC2935 /* Pods-Fasher.debug.xcconfig */;
			buildSettings = {
				ASSETCATALOG_COMPILER_APPICON_NAME = AppIcon;
				CODE_SIGN_IDENTITY = "Apple Development";
				CODE_SIGN_STYLE = Automatic;
				DEVELOPMENT_TEAM = FMVQWC8BK3;
				INFOPLIST_FILE = Fasher/Info.plist;
				LD_RUNPATH_SEARCH_PATHS = (
					"$(inherited)",
					"@executable_path/Frameworks",
				);
				PRODUCT_BUNDLE_IDENTIFIER = huseyiniyibas.Fasher;
				PRODUCT_NAME = "$(TARGET_NAME)";
				PROVISIONING_PROFILE_SPECIFIER = "";
				SWIFT_VERSION = 5.0;
				TARGETED_DEVICE_FAMILY = 1;
			};
			name = Debug;
		};
		1D0EB14D23C9D3D20008E5E0 /* Release */ = {
			isa = XCBuildConfiguration;
			baseConfigurationReference = 8FFD10620579C82F896DF278 /* Pods-Fasher.release.xcconfig */;
			buildSettings = {
				ASSETCATALOG_COMPILER_APPICON_NAME = AppIcon;
				CODE_SIGN_IDENTITY = "Apple Development";
				CODE_SIGN_STYLE = Automatic;
				DEVELOPMENT_TEAM = FMVQWC8BK3;
				INFOPLIST_FILE = Fasher/Info.plist;
				LD_RUNPATH_SEARCH_PATHS = (
					"$(inherited)",
					"@executable_path/Frameworks",
				);
				PRODUCT_BUNDLE_IDENTIFIER = huseyiniyibas.Fasher;
				PRODUCT_NAME = "$(TARGET_NAME)";
				PROVISIONING_PROFILE_SPECIFIER = "";
				SWIFT_VERSION = 5.0;
				TARGETED_DEVICE_FAMILY = 1;
			};
			name = Release;
		};
/* End XCBuildConfiguration section */

/* Begin XCConfigurationList section */
		1D0EB13223C9D3CE0008E5E0 /* Build configuration list for PBXProject "Fasher" */ = {
			isa = XCConfigurationList;
			buildConfigurations = (
				1D0EB14923C9D3D20008E5E0 /* Debug */,
				1D0EB14A23C9D3D20008E5E0 /* Release */,
			);
			defaultConfigurationIsVisible = 0;
			defaultConfigurationName = Release;
		};
		1D0EB14B23C9D3D20008E5E0 /* Build configuration list for PBXNativeTarget "Fasher" */ = {
			isa = XCConfigurationList;
			buildConfigurations = (
				1D0EB14C23C9D3D20008E5E0 /* Debug */,
				1D0EB14D23C9D3D20008E5E0 /* Release */,
			);
			defaultConfigurationIsVisible = 0;
			defaultConfigurationName = Release;
		};
/* End XCConfigurationList section */
	};
	rootObject = 1D0EB12F23C9D3CE0008E5E0 /* Project object */;
}
